
Microsoft Visual Studio Solution File, Format Version 12.00
# Visual Studio Version 17
VisualStudioVersion = 17.11.35303.130
MinimumVisualStudioVersion = 10.0.40219.1
Project("{FAE04EC0-301F-11D3-BF4B-00C04F79EFBC}") = "Funções", "Funções\Funções.csproj", "{B5113ED0-F9F5-423F-9EB3-D15645AB14D0}"
EndProject
Global
	GlobalSection(SolutionConfigurationPlatforms) = preSolution
		Debug|Any CPU = Debug|Any CPU
		Release|Any CPU = Release|Any CPU
	EndGlobalSection
	GlobalSection(ProjectConfigurationPlatforms) = postSolution
		{B5113ED0-F9F5-423F-9EB3-D15645AB14D0}.Debug|Any CPU.ActiveCfg = Debug|Any CPU
		{B5113ED0-F9F5-423F-9EB3-D15645AB14D0}.Debug|Any CPU.Build.0 = Debug|Any CPU
		{B5113ED0-F9F5-423F-9EB3-D15645AB14D0}.Release|Any CPU.ActiveCfg = Release|Any CPU
		{B5113ED0-F9F5-423F-9EB3-D15645AB14D0}.Release|Any CPU.Build.0 = Release|Any CPU
	EndGlobalSection
	GlobalSection(SolutionProperties) = preSolution
		HideSolutionNode = FALSE
	EndGlobalSection
	GlobalSection(ExtensibilityGlobals) = postSolution
		SolutionGuid = {507978A0-2A08-4016-8E92-1FB1829E7565}
	EndGlobalSection
EndGlobal
