
Microsoft Visual Studio Solution File, Format Version 12.00
# Visual Studio Version 17
VisualStudioVersion = 17.11.35303.130
MinimumVisualStudioVersion = 10.0.40219.1
Project("{FAE04EC0-301F-11D3-BF4B-00C04F79EFBC}") = "ConsoleApp1", "ConsoleApp1\ConsoleApp1.csproj", "{54867E2C-0987-4146-84C5-BCEA81A0CBCE}"
EndProject
Global
	GlobalSection(SolutionConfigurationPlatforms) = preSolution
		Debug|Any CPU = Debug|Any CPU
		Release|Any CPU = Release|Any CPU
	EndGlobalSection
	GlobalSection(ProjectConfigurationPlatforms) = postSolution
		{54867E2C-0987-4146-84C5-BCEA81A0CBCE}.Debug|Any CPU.ActiveCfg = Debug|Any CPU
		{54867E2C-0987-4146-84C5-BCEA81A0CBCE}.Debug|Any CPU.Build.0 = Debug|Any CPU
		{54867E2C-0987-4146-84C5-BCEA81A0CBCE}.Release|Any CPU.ActiveCfg = Release|Any CPU
		{54867E2C-0987-4146-84C5-BCEA81A0CBCE}.Release|Any CPU.Build.0 = Release|Any CPU
	EndGlobalSection
	GlobalSection(SolutionProperties) = preSolution
		HideSolutionNode = FALSE
	EndGlobalSection
	GlobalSection(ExtensibilityGlobals) = postSolution
		SolutionGuid = {B5EF24F9-798D-4D5D-95AF-99240C14FE0B}
	EndGlobalSection
EndGlobal
