
Microsoft Visual Studio Solution File, Format Version 12.00
# Visual Studio Version 17
VisualStudioVersion = 17.10.35013.160
MinimumVisualStudioVersion = 10.0.40219.1
Project("{FAE04EC0-301F-11D3-BF4B-00C04F79EFBC}") = "ExerciciosClasses2", "ExerciciosClasses2\ExerciciosClasses2.csproj", "{01318FEF-D49A-4F3E-A0AC-ECBFE4DDF3B4}"
EndProject
Global
	GlobalSection(SolutionConfigurationPlatforms) = preSolution
		Debug|Any CPU = Debug|Any CPU
		Release|Any CPU = Release|Any CPU
	EndGlobalSection
	GlobalSection(ProjectConfigurationPlatforms) = postSolution
		{01318FEF-D49A-4F3E-A0AC-ECBFE4DDF3B4}.Debug|Any CPU.ActiveCfg = Debug|Any CPU
		{01318FEF-D49A-4F3E-A0AC-ECBFE4DDF3B4}.Debug|Any CPU.Build.0 = Debug|Any CPU
		{01318FEF-D49A-4F3E-A0AC-ECBFE4DDF3B4}.Release|Any CPU.ActiveCfg = Release|Any CPU
		{01318FEF-D49A-4F3E-A0AC-ECBFE4DDF3B4}.Release|Any CPU.Build.0 = Release|Any CPU
	EndGlobalSection
	GlobalSection(SolutionProperties) = preSolution
		HideSolutionNode = FALSE
	EndGlobalSection
	GlobalSection(ExtensibilityGlobals) = postSolution
		SolutionGuid = {1DA597BF-4260-456D-BF6A-13D7E81D3058}
	EndGlobalSection
EndGlobal
